<?xml version="1.0" encoding="utf-8"?>
<Project ToolsVersion="4.0" xmlns="http://schemas.microsoft.com/developer/msbuild/2003">
  <ItemGroup>
    <Filter Include="Source Files">
      <UniqueIdentifier>{068d34c4-169a-4835-80cb-91706cd065ca}</UniqueIdentifier>
      <Extensions>cpp;c;cxx;rc;def;r;odl;idl;hpj;bat</Extensions>
    </Filter>
    <Filter Include="Header Files">
      <UniqueIdentifier>{c9e0b6de-e3ec-41da-9284-523e4556ab02}</UniqueIdentifier>
      <Extensions>h;hpp;hxx;hm;inl</Extensions>
    </Filter>
    <Filter Include="Resource Files">
      <UniqueIdentifier>{aabb01e0-3723-4b75-9700-3611efc97428}</UniqueIdentifier>
      <Extensions>ico;cur;bmp;dlg;rc2;rct;bin;rgs;gif;jpg;jpeg;jpe</Extensions>
    </Filter>
  </ItemGroup>
  <ItemGroup>
    <ClCompile Include="ElementListBox.cpp">
      <Filter>Source Files</Filter>
    </ClCompile>
    <ClCompile Include="InputDialog.cpp">
      <Filter>Source Files</Filter>
    </ClCompile>
    <ClCompile Include="ll.cpp">
      <Filter>Source Files</Filter>
    </ClCompile>
    <ClCompile Include="llDlg.cpp">
      <Filter>Source Files</Filter>
    </ClCompile>
    <ClCompile Include="MyStatic.cpp">
      <Filter>Source Files</Filter>
    </ClCompile>
    <ClCompile Include="SectionDraw.cpp">
      <Filter>Source Files</Filter>
    </ClCompile>
    <ClCompile Include="SectionSet.cpp">
      <Filter>Source Files</Filter>
    </ClCompile>
    <ClCompile Include="SectionStatic.cpp">
      <Filter>Source Files</Filter>
    </ClCompile>
    <ClCompile Include="SetDialog.cpp">
      <Filter>Source Files</Filter>
    </ClCompile>
    <ClCompile Include="StdAfx.cpp">
      <Filter>Source Files</Filter>
    </ClCompile>
  </ItemGroup>
  <ItemGroup>
    <ResourceCompile Include="ll.rc">
      <Filter>Source Files</Filter>
    </ResourceCompile>
  </ItemGroup>
  <ItemGroup>
    <ClInclude Include="ElementListBox.h">
      <Filter>Header Files</Filter>
    </ClInclude>
    <ClInclude Include="globaldefs.h">
      <Filter>Header Files</Filter>
    </ClInclude>
    <ClInclude Include="InputDialog.h">
      <Filter>Header Files</Filter>
    </ClInclude>
    <ClInclude Include="ll.h">
      <Filter>Header Files</Filter>
    </ClInclude>
    <ClInclude Include="llDlg.h">
      <Filter>Header Files</Filter>
    </ClInclude>
    <ClInclude Include="MyStatic.h">
      <Filter>Header Files</Filter>
    </ClInclude>
    <ClInclude Include="Resource.h">
      <Filter>Header Files</Filter>
    </ClInclude>
    <ClInclude Include="SectionDraw.h">
      <Filter>Header Files</Filter>
    </ClInclude>
    <ClInclude Include="SectionSet.h">
      <Filter>Header Files</Filter>
    </ClInclude>
    <ClInclude Include="SectionStatic.h">
      <Filter>Header Files</Filter>
    </ClInclude>
    <ClInclude Include="SetDialog.h">
      <Filter>Header Files</Filter>
    </ClInclude>
    <ClInclude Include="StdAfx.h">
      <Filter>Header Files</Filter>
    </ClInclude>
  </ItemGroup>
  <ItemGroup>
    <CustomBuild Include="res\ll.ico">
      <Filter>Resource Files</Filter>
    </CustomBuild>
    <CustomBuild Include="res\ll.rc2">
      <Filter>Resource Files</Filter>
    </CustomBuild>
    <CustomBuild Include="ReadMe.txt" />
  </ItemGroup>
</Project>